
Microsoft Visual Studio Solution File, Format Version 12.00
# Visual Studio Version 17
VisualStudioVersion = 17.0.32014.148
MinimumVisualStudioVersion = 10.0.40219.1
Project("{FAE04EC0-301F-11D3-BF4B-00C04F79EFBC}") = "API Consume - Covid19", "API Consume - Covid19\API Consume - Covid19.csproj", "{B5C49728-82FC-411E-B91D-E0B3AD639700}"
EndProject
Global
	GlobalSection(SolutionConfigurationPlatforms) = preSolution
		Debug|Any CPU = Debug|Any CPU
		Release|Any CPU = Release|Any CPU
	EndGlobalSection
	GlobalSection(ProjectConfigurationPlatforms) = postSolution
		{B5C49728-82FC-411E-B91D-E0B3AD639700}.Debug|Any CPU.ActiveCfg = Debug|Any CPU
		{B5C49728-82FC-411E-B91D-E0B3AD639700}.Debug|Any CPU.Build.0 = Debug|Any CPU
		{B5C49728-82FC-411E-B91D-E0B3AD639700}.Release|Any CPU.ActiveCfg = Release|Any CPU
		{B5C49728-82FC-411E-B91D-E0B3AD639700}.Release|Any CPU.Build.0 = Release|Any CPU
	EndGlobalSection
	GlobalSection(SolutionProperties) = preSolution
		HideSolutionNode = FALSE
	EndGlobalSection
	GlobalSection(ExtensibilityGlobals) = postSolution
		SolutionGuid = {491E1720-064D-4560-A679-6187171020C4}
	EndGlobalSection
EndGlobal
